import React, { useEffect } from 'react';
import { BrowserRouter as Router, Routes, Route, useLocation } from 'react-router-dom';
import { LanguageProvider } from '@/contexts/LanguageContext';
import { Toaster } from '@/components/ui/toaster';
import Navigation from '@/components/Navigation';
import Footer from '@/components/Footer';
import Home from '@/pages/Home';
import Services from '@/pages/Services';
import Pricing from '@/pages/Pricing';
import Contact from '@/pages/Contact';
import CookieBanner from '@/components/CookieBanner';

const ScrollToAnchor = () => {
  const { pathname, hash } = useLocation();

  useEffect(() => {
    if (hash) {
      const element = document.getElementById(hash.substring(1));
      if (element) {
        element.scrollIntoView({ behavior: 'smooth' });
      }
    } else {
      window.scrollTo(0, 0);
    }
  }, [pathname, hash]);

  return null;
};

function App() {
  return (
    <LanguageProvider>
      <Router>
        <ScrollToAnchor />
        <div className="min-h-screen flex flex-col">
          <Navigation />
          <main className="flex-grow">
            <Routes>
              <Route path="/" element={<Home />} />
              <Route path="/services" element={<Services />} />
              <Route path="/pricing" element={<Pricing />} />
              <Route path="/contact" element={<Contact />} />
            </Routes>
          </main>
          <Footer />
          <Toaster />
          <CookieBanner />
        </div>
      </Router>
    </LanguageProvider>
  );
}

export default App;
